# This file is automatically @generated by Cargo.
# It is not intended for manual editing.
version = 4

[[package]]
name = "mithril-core"
version = "0.1.0"

[[package]]
name = "mithril-front"
version = "0.1.0"

[[package]]
name = "mithril-reassoc"
version = "0.1.0"
dependencies = [
 "mithril-front",
]

[[package]]
name = "mithril-rt"
version = "0.1.0"
dependencies = [
 "mithril-core",
]
